[[package]]
name = "argparse"
version = "1.4.0"
description = "Python command-line parsing library"
category = "dev"
optional = false
python-versions = "*"

[[package]]
name = "linecache2"
version = "1.0.0"
description = "Backports of the linecache module"
category = "dev"
optional = false
python-versions = "*"

[[package]]
name = "six"
version = "1.16.0"
description = "Python 2 and 3 compatibility utilities"
category = "dev"
optional = false
python-versions = ">=2.7, !=3.0.*, !=3.1.*, !=3.2.*"

[[package]]
name = "traceback2"
version = "1.4.0"
description = "Backports of the traceback module"
category = "dev"
optional = false
python-versions = "*"

[package.dependencies]
linecache2 = "*"

[[package]]
name = "unittest2"
version = "1.1.0"
description = "The new features in unittest backported to Python 2.4+."
category = "dev"
optional = false
python-versions = "*"

[package.dependencies]
argparse = "*"
six = ">=1.4"
traceback2 = "*"

[[package]]
name = "z3-solver"
version = "4.8.17.0"
description = "an efficient SMT solver library"
category = "main"
optional = false
python-versions = "*"

[metadata]
lock-version = "1.1"
python-versions = "*"
content-hash = "5ee1df079b2796327549e65d1be5cacc5670f823f4cef650049899c1203e64b3"

[metadata.files]
argparse = [
    {file = "argparse-1.4.0-py2.py3-none-any.whl", hash = "sha256:c31647edb69fd3d465a847ea3157d37bed1f95f19760b11a47aa91c04b666314"},
    {file = "argparse-1.4.0.tar.gz", hash = "sha256:62b089a55be1d8949cd2bc7e0df0bddb9e028faefc8c32038cc84862aefdd6e4"},
]
linecache2 = [
    {file = "linecache2-1.0.0-py2.py3-none-any.whl", hash = "sha256:e78be9c0a0dfcbac712fe04fbf92b96cddae80b1b842f24248214c8496f006ef"},
    {file = "linecache2-1.0.0.tar.gz", hash = "sha256:4b26ff4e7110db76eeb6f5a7b64a82623839d595c2038eeda662f2a2db78e97c"},
]
six = [
    {file = "six-1.16.0-py2.py3-none-any.whl", hash = "sha256:8abb2f1d86890a2dfb989f9a77cfcfd3e47c2a354b01111771326f8aa26e0254"},
    {file = "six-1.16.0.tar.gz", hash = "sha256:1e61c37477a1626458e36f7b1d82aa5c9b094fa4802892072e49de9c60c4c926"},
]
traceback2 = [
    {file = "traceback2-1.4.0-py2.py3-none-any.whl", hash = "sha256:8253cebec4b19094d67cc5ed5af99bf1dba1285292226e98a31929f87a5d6b23"},
    {file = "traceback2-1.4.0.tar.gz", hash = "sha256:05acc67a09980c2ecfedd3423f7ae0104839eccb55fc645773e1caa0951c3030"},
]
unittest2 = [
    {file = "unittest2-1.1.0-py2.py3-none-any.whl", hash = "sha256:13f77d0875db6d9b435e1d4f41e74ad4cc2eb6e1d5c824996092b3430f088bb8"},
    {file = "unittest2-1.1.0.tar.gz", hash = "sha256:22882a0e418c284e1f718a822b3b022944d53d2d908e1690b319a9d3eb2c0579"},
]
z3-solver = [
    {file = "z3-solver-4.8.17.0.tar.gz", hash = "sha256:67abd61898039d6c8c07196949d2962f461402b670a137b2347a65c3c1890f73"},
    {file = "z3_solver-4.8.17.0-py2.py3-none-macosx_10_16_x86_64.whl", hash = "sha256:db526f27c1dce8c3c1f0b4eaebae0e9f3ab9bc0940578af8f9923c1fc22aa6e0"},
    {file = "z3_solver-4.8.17.0-py2.py3-none-manylinux1_x86_64.whl", hash = "sha256:00efe464e61fdcdb1d1b7821269ff2449817ae1a5f3a4cb9b47640a82f109eb2"},
    {file = "z3_solver-4.8.17.0-py2.py3-none-win32.whl", hash = "sha256:f1b2a10befac07b44bc4388b7ac9a01d72b82c6c424bc9607b4b13c3616d90f4"},
    {file = "z3_solver-4.8.17.0-py2.py3-none-win_amd64.whl", hash = "sha256:72284c94b5310724c38202776873788e46213237aecbe2882bad61b4c9739826"},
]
