[[package]]
name = "unittest"
version = "0.0"
description = ""
category = "main"
optional = false
python-versions = "*"

[[package]]
name = "z3-solver"
version = "4.8.17.0"
description = "an efficient SMT solver library"
category = "main"
optional = false
python-versions = "*"

[metadata]
lock-version = "1.1"
python-versions = "*"
content-hash = "6072d8a394d9b6bc54e3eb43d944b922a6431470fe43f02eb26827ba2328f430"

[metadata.files]
unittest = [
    {file = "unittest2-0.0.0.tar.gz", hash = "sha256:1b492484bea7f68abda5fcc61412e77b6a105e5842355d630f8b75f01add3555"},
]
z3-solver = [
    {file = "z3-solver-4.8.17.0.tar.gz", hash = "sha256:67abd61898039d6c8c07196949d2962f461402b670a137b2347a65c3c1890f73"},
    {file = "z3_solver-4.8.17.0-py2.py3-none-macosx_10_16_x86_64.whl", hash = "sha256:db526f27c1dce8c3c1f0b4eaebae0e9f3ab9bc0940578af8f9923c1fc22aa6e0"},
    {file = "z3_solver-4.8.17.0-py2.py3-none-manylinux1_x86_64.whl", hash = "sha256:00efe464e61fdcdb1d1b7821269ff2449817ae1a5f3a4cb9b47640a82f109eb2"},
    {file = "z3_solver-4.8.17.0-py2.py3-none-win32.whl", hash = "sha256:f1b2a10befac07b44bc4388b7ac9a01d72b82c6c424bc9607b4b13c3616d90f4"},
    {file = "z3_solver-4.8.17.0-py2.py3-none-win_amd64.whl", hash = "sha256:72284c94b5310724c38202776873788e46213237aecbe2882bad61b4c9739826"},
]
